// !$*UTF8*$!
{
	archiveVersion = 1;
	classes = {
	};
	objectVersion = 55;
	objects = {

/* Begin PBXBuildFile section */
		A0DBAC052AAFB9E900FF9CB5 /* _CASAMUSICApp.swift in Sources */ = {isa = PBXBuildFile; fileRef = A0DBAC042AAFB9E900FF9CB5 /* _CASAMUSICApp.swift */; };
		A0DBAC072AAFB9E900FF9CB5 /* ContentView.swift in Sources */ = {isa = PBXBuildFile; fileRef = A0DBAC062AAFB9E900FF9CB5 /* ContentView.swift */; };
		A0DBAC092AAFB9EB00FF9CB5 /* Assets.xcassets in Resources */ = {isa = PBXBuildFile; fileRef = A0DBAC082AAFB9EB00FF9CB5 /* Assets.xcassets */; };
		A0DBAC0C2AAFB9EB00FF9CB5 /* Preview Assets.xcassets in Resources */ = {isa = PBXBuildFile; fileRef = A0DBAC0B2AAFB9EB00FF9CB5 /* Preview Assets.xcassets */; };
		A0DBAC132AAFBD3200FF9CB5 /* BEATSView.swift in Sources */ = {isa = PBXBuildFile; fileRef = A0DBAC122AAFBD3200FF9CB5 /* BEATSView.swift */; };
		A0DBAC152AAFBD4700FF9CB5 /* JBLView.swift in Sources */ = {isa = PBXBuildFile; fileRef = A0DBAC142AAFBD4700FF9CB5 /* JBLView.swift */; };
		A0DBAC172AAFBD5500FF9CB5 /* SONYView.swift in Sources */ = {isa = PBXBuildFile; fileRef = A0DBAC162AAFBD5500FF9CB5 /* SONYView.swift */; };
		A0DBAC192AAFBD9000FF9CB5 /* PhotosJView.swift in Sources */ = {isa = PBXBuildFile; fileRef = A0DBAC182AAFBD9000FF9CB5 /* PhotosJView.swift */; };
		A0DBAC1B2AAFBDA700FF9CB5 /* PhotosBView.swift in Sources */ = {isa = PBXBuildFile; fileRef = A0DBAC1A2AAFBDA700FF9CB5 /* PhotosBView.swift */; };
/* End PBXBuildFile section */

/* Begin PBXFileReference section */
		A0DBAC012AAFB9E900FF9CB5 /* 2CASAMUSIC.app */ = {isa = PBXFileReference; explicitFileType = wrapper.application; includeInIndex = 0; path = 2CASAMUSIC.app; sourceTree = BUILT_PRODUCTS_DIR; };
		A0DBAC042AAFB9E900FF9CB5 /* _CASAMUSICApp.swift */ = {isa = PBXFileReference; lastKnownFileType = sourcecode.swift; path = _CASAMUSICApp.swift; sourceTree = "<group>"; };
		A0DBAC062AAFB9E900FF9CB5 /* ContentView.swift */ = {isa = PBXFileReference; lastKnownFileType = sourcecode.swift; path = ContentView.swift; sourceTree = "<group>"; };
		A0DBAC082AAFB9EB00FF9CB5 /* Assets.xcassets */ = {isa = PBXFileReference; lastKnownFileType = folder.assetcatalog; path = Assets.xcassets; sourceTree = "<group>"; };
		A0DBAC0B2AAFB9EB00FF9CB5 /* Preview Assets.xcassets */ = {isa = PBXFileReference; lastKnownFileType = folder.assetcatalog; path = "Preview Assets.xcassets"; sourceTree = "<group>"; };
		A0DBAC122AAFBD3200FF9CB5 /* BEATSView.swift */ = {isa = PBXFileReference; lastKnownFileType = sourcecode.swift; path = BEATSView.swift; sourceTree = "<group>"; };
		A0DBAC142AAFBD4700FF9CB5 /* JBLView.swift */ = {isa = PBXFileReference; lastKnownFileType = sourcecode.swift; path = JBLView.swift; sourceTree = "<group>"; };
		A0DBAC162AAFBD5500FF9CB5 /* SONYView.swift */ = {isa = PBXFileReference; lastKnownFileType = sourcecode.swift; path = SONYView.swift; sourceTree = "<group>"; };
		A0DBAC182AAFBD9000FF9CB5 /* PhotosJView.swift */ = {isa = PBXFileReference; lastKnownFileType = sourcecode.swift; path = PhotosJView.swift; sourceTree = "<group>"; };
		A0DBAC1A2AAFBDA700FF9CB5 /* PhotosBView.swift */ = {isa = PBXFileReference; lastKnownFileType = sourcecode.swift; path = PhotosBView.swift; sourceTree = "<group>"; };
/* End PBXFileReference section */

/* Begin PBXFrameworksBuildPhase section */
		A0DBABFE2AAFB9E900FF9CB5 /* Frameworks */ = {
			isa = PBXFrameworksBuildPhase;
			buildActionMask = 2147483647;
			files = (
			);
			runOnlyForDeploymentPostprocessing = 0;
		};
/* End PBXFrameworksBuildPhase section */

/* Begin PBXGroup section */
		A0DBABF82AAFB9E900FF9CB5 = {
			isa = PBXGroup;
			children = (
				A0DBAC1E2AAFC0C500FF9CB5 /* View */,
				A0DBAC032AAFB9E900FF9CB5 /* 2CASAMUSIC */,
				A0DBAC022AAFB9E900FF9CB5 /* Products */,
			);
			sourceTree = "<group>";
		};
		A0DBAC022AAFB9E900FF9CB5 /* Products */ = {
			isa = PBXGroup;
			children = (
				A0DBAC012AAFB9E900FF9CB5 /* 2CASAMUSIC.app */,
			);
			name = Products;
			sourceTree = "<group>";
		};
		A0DBAC032AAFB9E900FF9CB5 /* 2CASAMUSIC */ = {
			isa = PBXGroup;
			children = (
				A0DBAC042AAFB9E900FF9CB5 /* _CASAMUSICApp.swift */,
				A0DBAC062AAFB9E900FF9CB5 /* ContentView.swift */,
				A0DBAC082AAFB9EB00FF9CB5 /* Assets.xcassets */,
				A0DBAC0A2AAFB9EB00FF9CB5 /* Preview Content */,
			);
			path = 2CASAMUSIC;
			sourceTree = "<group>";
		};
		A0DBAC0A2AAFB9EB00FF9CB5 /* Preview Content */ = {
			isa = PBXGroup;
			children = (
				A0DBAC0B2AAFB9EB00FF9CB5 /* Preview Assets.xcassets */,
			);
			path = "Preview Content";
			sourceTree = "<group>";
		};
		A0DBAC1E2AAFC0C500FF9CB5 /* View */ = {
			isa = PBXGroup;
			children = (
				A0DBAC162AAFBD5500FF9CB5 /* SONYView.swift */,
				A0DBAC142AAFBD4700FF9CB5 /* JBLView.swift */,
				A0DBAC122AAFBD3200FF9CB5 /* BEATSView.swift */,
				A0DBAC182AAFBD9000FF9CB5 /* PhotosJView.swift */,
				A0DBAC1A2AAFBDA700FF9CB5 /* PhotosBView.swift */,
			);
			path = View;
			sourceTree = "<group>";
		};
/* End PBXGroup section */

/* Begin PBXNativeTarget section */
		A0DBAC002AAFB9E900FF9CB5 /* 2CASAMUSIC */ = {
			isa = PBXNativeTarget;
			buildConfigurationList = A0DBAC0F2AAFB9EB00FF9CB5 /* Build configuration list for PBXNativeTarget "2CASAMUSIC" */;
			buildPhases = (
				A0DBABFD2AAFB9E900FF9CB5 /* Sources */,
				A0DBABFE2AAFB9E900FF9CB5 /* Frameworks */,
				A0DBABFF2AAFB9E900FF9CB5 /* Resources */,
			);
			buildRules = (
			);
			dependencies = (
			);
			name = 2CASAMUSIC;
			productName = 2CASAMUSIC;
			productReference = A0DBAC012AAFB9E900FF9CB5 /* 2CASAMUSIC.app */;
			productType = "com.apple.product-type.application";
		};
/* End PBXNativeTarget section */

/* Begin PBXProject section */
		A0DBABF92AAFB9E900FF9CB5 /* Project object */ = {
			isa = PBXProject;
			attributes = {
				BuildIndependentTargetsInParallel = 1;
				LastSwiftUpdateCheck = 1320;
				LastUpgradeCheck = 1320;
				TargetAttributes = {
					A0DBAC002AAFB9E900FF9CB5 = {
						CreatedOnToolsVersion = 13.2.1;
					};
				};
			};
			buildConfigurationList = A0DBABFC2AAFB9E900FF9CB5 /* Build configuration list for PBXProject "2CASAMUSIC" */;
			compatibilityVersion = "Xcode 13.0";
			developmentRegion = en;
			hasScannedForEncodings = 0;
			knownRegions = (
				en,
				Base,
			);
			mainGroup = A0DBABF82AAFB9E900FF9CB5;
			productRefGroup = A0DBAC022AAFB9E900FF9CB5 /* Products */;
			projectDirPath = "";
			projectRoot = "";
			targets = (
				A0DBAC002AAFB9E900FF9CB5 /* 2CASAMUSIC */,
			);
		};
/* End PBXProject section */

/* Begin PBXResourcesBuildPhase section */
		A0DBABFF2AAFB9E900FF9CB5 /* Resources */ = {
			isa = PBXResourcesBuildPhase;
			buildActionMask = 2147483647;
			files = (
				A0DBAC0C2AAFB9EB00FF9CB5 /* Preview Assets.xcassets in Resources */,
				A0DBAC092AAFB9EB00FF9CB5 /* Assets.xcassets in Resources */,
			);
			runOnlyForDeploymentPostprocessing = 0;
		};
/* End PBXResourcesBuildPhase section */

/* Begin PBXSourcesBuildPhase section */
		A0DBABFD2AAFB9E900FF9CB5 /* Sources */ = {
			isa = PBXSourcesBuildPhase;
			buildActionMask = 2147483647;
			files = (
				A0DBAC172AAFBD5500FF9CB5 /* SONYView.swift in Sources */,
				A0DBAC072AAFB9E900FF9CB5 /* ContentView.swift in Sources */,
				A0DBAC192AAFBD9000FF9CB5 /* PhotosJView.swift in Sources */,
				A0DBAC1B2AAFBDA700FF9CB5 /* PhotosBView.swift in Sources */,
				A0DBAC132AAFBD3200FF9CB5 /* BEATSView.swift in Sources */,
				A0DBAC052AAFB9E900FF9CB5 /* _CASAMUSICApp.swift in Sources */,
				A0DBAC152AAFBD4700FF9CB5 /* JBLView.swift in Sources */,
			);
			runOnlyForDeploymentPostprocessing = 0;
		};
/* End PBXSourcesBuildPhase section */

/* Begin XCBuildConfiguration section */
		A0DBAC0D2AAFB9EB00FF9CB5 /* Debug */ = {
			isa = XCBuildConfiguration;
			buildSettings = {
				ALWAYS_SEARCH_USER_PATHS = NO;
				CLANG_ANALYZER_NONNULL = YES;
				CLANG_ANALYZER_NUMBER_OBJECT_CONVERSION = YES_AGGRESSIVE;
				CLANG_CXX_LANGUAGE_STANDARD = "gnu++17";
				CLANG_CXX_LIBRARY = "libc++";
				CLANG_ENABLE_MODULES = YES;
				CLANG_ENABLE_OBJC_ARC = YES;
				CLANG_ENABLE_OBJC_WEAK = YES;
				CLANG_WARN_BLOCK_CAPTURE_AUTORELEASING = YES;
				CLANG_WARN_BOOL_CONVERSION = YES;
				CLANG_WARN_COMMA = YES;
				CLANG_WARN_CONSTANT_CONVERSION = YES;
				CLANG_WARN_DEPRECATED_OBJC_IMPLEMENTATIONS = YES;
				CLANG_WARN_DIRECT_OBJC_ISA_USAGE = YES_ERROR;
				CLANG_WARN_DOCUMENTATION_COMMENTS = YES;
				CLANG_WARN_EMPTY_BODY = YES;
				CLANG_WARN_ENUM_CONVERSION = YES;
				CLANG_WARN_INFINITE_RECURSION = YES;
				CLANG_WARN_INT_CONVERSION = YES;
				CLANG_WARN_NON_LITERAL_NULL_CONVERSION = YES;
				CLANG_WARN_OBJC_IMPLICIT_RETAIN_SELF = YES;
				CLANG_WARN_OBJC_LITERAL_CONVERSION = YES;
				CLANG_WARN_OBJC_ROOT_CLASS = YES_ERROR;
				CLANG_WARN_QUOTED_INCLUDE_IN_FRAMEWORK_HEADER = YES;
				CLANG_WARN_RANGE_LOOP_ANALYSIS = YES;
				CLANG_WARN_STRICT_PROTOTYPES = YES;
				CLANG_WARN_SUSPICIOUS_MOVE = YES;
				CLANG_WARN_UNGUARDED_AVAILABILITY = YES_AGGRESSIVE;
				CLANG_WARN_UNREACHABLE_CODE = YES;
				CLANG_WARN__DUPLICATE_METHOD_MATCH = YES;
				COPY_PHASE_STRIP = NO;
				DEBUG_INFORMATION_FORMAT = dwarf;
				ENABLE_STRICT_OBJC_MSGSEND = YES;
				ENABLE_TESTABILITY = YES;
				GCC_C_LANGUAGE_STANDARD = gnu11;
				GCC_DYNAMIC_NO_PIC = NO;
				GCC_NO_COMMON_BLOCKS = YES;
				GCC_OPTIMIZATION_LEVEL = 0;
				GCC_PREPROCESSOR_DEFINITIONS = (
					"DEBUG=1",
					"$(inherited)",
				);
				GCC_WARN_64_TO_32_BIT_CONVERSION = YES;
				GCC_WARN_ABOUT_RETURN_TYPE = YES_ERROR;
				GCC_WARN_UNDECLARED_SELECTOR = YES;
				GCC_WARN_UNINITIALIZED_AUTOS = YES_AGGRESSIVE;
				GCC_WARN_UNUSED_FUNCTION = YES;
				GCC_WARN_UNUSED_VARIABLE = YES;
				IPHONEOS_DEPLOYMENT_TARGET = 15.2;
				MTL_ENABLE_DEBUG_INFO = INCLUDE_SOURCE;
				MTL_FAST_MATH = YES;
				ONLY_ACTIVE_ARCH = YES;
				SDKROOT = iphoneos;
				SWIFT_ACTIVE_COMPILATION_CONDITIONS = DEBUG;
				SWIFT_OPTIMIZATION_LEVEL = "-Onone";
			};
			name = Debug;
		};
		A0DBAC0E2AAFB9EB00FF9CB5 /* Release */ = {
			isa = XCBuildConfiguration;
			buildSettings = {
				ALWAYS_SEARCH_USER_PATHS = NO;
				CLANG_ANALYZER_NONNULL = YES;
				CLANG_ANALYZER_NUMBER_OBJECT_CONVERSION = YES_AGGRESSIVE;
				CLANG_CXX_LANGUAGE_STANDARD = "gnu++17";
				CLANG_CXX_LIBRARY = "libc++";
				CLANG_ENABLE_MODULES = YES;
				CLANG_ENABLE_OBJC_ARC = YES;
				CLANG_ENABLE_OBJC_WEAK = YES;
				CLANG_WARN_BLOCK_CAPTURE_AUTORELEASING = YES;
				CLANG_WARN_BOOL_CONVERSION = YES;
				CLANG_WARN_COMMA = YES;
				CLANG_WARN_CONSTANT_CONVERSION = YES;
				CLANG_WARN_DEPRECATED_OBJC_IMPLEMENTATIONS = YES;
				CLANG_WARN_DIRECT_OBJC_ISA_USAGE = YES_ERROR;
				CLANG_WARN_DOCUMENTATION_COMMENTS = YES;
				CLANG_WARN_EMPTY_BODY = YES;
				CLANG_WARN_ENUM_CONVERSION = YES;
				CLANG_WARN_INFINITE_RECURSION = YES;
				CLANG_WARN_INT_CONVERSION = YES;
				CLANG_WARN_NON_LITERAL_NULL_CONVERSION = YES;
				CLANG_WARN_OBJC_IMPLICIT_RETAIN_SELF = YES;
				CLANG_WARN_OBJC_LITERAL_CONVERSION = YES;
				CLANG_WARN_OBJC_ROOT_CLASS = YES_ERROR;
				CLANG_WARN_QUOTED_INCLUDE_IN_FRAMEWORK_HEADER = YES;
				CLANG_WARN_RANGE_LOOP_ANALYSIS = YES;
				CLANG_WARN_STRICT_PROTOTYPES = YES;
				CLANG_WARN_SUSPICIOUS_MOVE = YES;
				CLANG_WARN_UNGUARDED_AVAILABILITY = YES_AGGRESSIVE;
				CLANG_WARN_UNREACHABLE_CODE = YES;
				CLANG_WARN__DUPLICATE_METHOD_MATCH = YES;
				COPY_PHASE_STRIP = NO;
				DEBUG_INFORMATION_FORMAT = "dwarf-with-dsym";
				ENABLE_NS_ASSERTIONS = NO;
				ENABLE_STRICT_OBJC_MSGSEND = YES;
				GCC_C_LANGUAGE_STANDARD = gnu11;
				GCC_NO_COMMON_BLOCKS = YES;
				GCC_WARN_64_TO_32_BIT_CONVERSION = YES;
				GCC_WARN_ABOUT_RETURN_TYPE = YES_ERROR;
				GCC_WARN_UNDECLARED_SELECTOR = YES;
				GCC_WARN_UNINITIALIZED_AUTOS = YES_AGGRESSIVE;
				GCC_WARN_UNUSED_FUNCTION = YES;
				GCC_WARN_UNUSED_VARIABLE = YES;
				IPHONEOS_DEPLOYMENT_TARGET = 15.2;
				MTL_ENABLE_DEBUG_INFO = NO;
				MTL_FAST_MATH = YES;
				SDKROOT = iphoneos;
				SWIFT_COMPILATION_MODE = wholemodule;
				SWIFT_OPTIMIZATION_LEVEL = "-O";
				VALIDATE_PRODUCT = YES;
			};
			name = Release;
		};
		A0DBAC102AAFB9EB00FF9CB5 /* Debug */ = {
			isa = XCBuildConfiguration;
			buildSettings = {
				ASSETCATALOG_COMPILER_APPICON_NAME = AppIcon;
				ASSETCATALOG_COMPILER_GLOBAL_ACCENT_COLOR_NAME = AccentColor;
				CODE_SIGN_STYLE = Automatic;
				CURRENT_PROJECT_VERSION = 1;
				DEVELOPMENT_ASSET_PATHS = "\"2CASAMUSIC/Preview Content\"";
				ENABLE_PREVIEWS = YES;
				GENERATE_INFOPLIST_FILE = YES;
				INFOPLIST_KEY_UIApplicationSceneManifest_Generation = YES;
				INFOPLIST_KEY_UIApplicationSupportsIndirectInputEvents = YES;
				INFOPLIST_KEY_UILaunchScreen_Generation = YES;
				INFOPLIST_KEY_UISupportedInterfaceOrientations_iPad = "UIInterfaceOrientationPortrait UIInterfaceOrientationPortraitUpsideDown UIInterfaceOrientationLandscapeLeft UIInterfaceOrientationLandscapeRight";
				INFOPLIST_KEY_UISupportedInterfaceOrientations_iPhone = "UIInterfaceOrientationPortrait UIInterfaceOrientationLandscapeLeft UIInterfaceOrientationLandscapeRight";
				LD_RUNPATH_SEARCH_PATHS = (
					"$(inherited)",
					"@executable_path/Frameworks",
				);
				MARKETING_VERSION = 1.0;
				PRODUCT_BUNDLE_IDENTIFIER = "com.Brotherscube.-CASAMUSIC";
				PRODUCT_NAME = "$(TARGET_NAME)";
				SWIFT_EMIT_LOC_STRINGS = YES;
				SWIFT_VERSION = 5.0;
				TARGETED_DEVICE_FAMILY = "1,2";
			};
			name = Debug;
		};
		A0DBAC112AAFB9EB00FF9CB5 /* Release */ = {
			isa = XCBuildConfiguration;
			buildSettings = {
				ASSETCATALOG_COMPILER_APPICON_NAME = AppIcon;
				ASSETCATALOG_COMPILER_GLOBAL_ACCENT_COLOR_NAME = AccentColor;
				CODE_SIGN_STYLE = Automatic;
				CURRENT_PROJECT_VERSION = 1;
				DEVELOPMENT_ASSET_PATHS = "\"2CASAMUSIC/Preview Content\"";
				ENABLE_PREVIEWS = YES;
				GENERATE_INFOPLIST_FILE = YES;
				INFOPLIST_KEY_UIApplicationSceneManifest_Generation = YES;
				INFOPLIST_KEY_UIApplicationSupportsIndirectInputEvents = YES;
				INFOPLIST_KEY_UILaunchScreen_Generation = YES;
				INFOPLIST_KEY_UISupportedInterfaceOrientations_iPad = "UIInterfaceOrientationPortrait UIInterfaceOrientationPortraitUpsideDown UIInterfaceOrientationLandscapeLeft UIInterfaceOrientationLandscapeRight";
				INFOPLIST_KEY_UISupportedInterfaceOrientations_iPhone = "UIInterfaceOrientationPortrait UIInterfaceOrientationLandscapeLeft UIInterfaceOrientationLandscapeRight";
				LD_RUNPATH_SEARCH_PATHS = (
					"$(inherited)",
					"@executable_path/Frameworks",
				);
				MARKETING_VERSION = 1.0;
				PRODUCT_BUNDLE_IDENTIFIER = "com.Brotherscube.-CASAMUSIC";
				PRODUCT_NAME = "$(TARGET_NAME)";
				SWIFT_EMIT_LOC_STRINGS = YES;
				SWIFT_VERSION = 5.0;
				TARGETED_DEVICE_FAMILY = "1,2";
			};
			name = Release;
		};
/* End XCBuildConfiguration section */

/* Begin XCConfigurationList section */
		A0DBABFC2AAFB9E900FF9CB5 /* Build configuration list for PBXProject "2CASAMUSIC" */ = {
			isa = XCConfigurationList;
			buildConfigurations = (
				A0DBAC0D2AAFB9EB00FF9CB5 /* Debug */,
				A0DBAC0E2AAFB9EB00FF9CB5 /* Release */,
			);
			defaultConfigurationIsVisible = 0;
			defaultConfigurationName = Release;
		};
		A0DBAC0F2AAFB9EB00FF9CB5 /* Build configuration list for PBXNativeTarget "2CASAMUSIC" */ = {
			isa = XCConfigurationList;
			buildConfigurations = (
				A0DBAC102AAFB9EB00FF9CB5 /* Debug */,
				A0DBAC112AAFB9EB00FF9CB5 /* Release */,
			);
			defaultConfigurationIsVisible = 0;
			defaultConfigurationName = Release;
		};
/* End XCConfigurationList section */
	};
	rootObject = A0DBABF92AAFB9E900FF9CB5 /* Project object */;
}
